// !$*UTF8*$!
{
	archiveVersion = 1;
	classes = {
	};
	objectVersion = 52;
	objects = {

/* Begin PBXBuildFile section */
		9908EA9324ACDD8E000BA65A /* App.swift in Sources */ = {isa = PBXBuildFile; fileRef = 9908EA9224ACDD8E000BA65A /* App.swift */; };
		9908EA9524ACDD8E000BA65A /* About.swift in Sources */ = {isa = PBXBuildFile; fileRef = 9908EA9424ACDD8E000BA65A /* About.swift */; };
		9908EA9A24ACDD90000BA65A /* Preview Assets.xcassets in Resources */ = {isa = PBXBuildFile; fileRef = 9908EA9924ACDD90000BA65A /* Preview Assets.xcassets */; };
		9908EAA524ACDD91000BA65A /* Games_CatalogTests.swift in Sources */ = {isa = PBXBuildFile; fileRef = 9908EAA424ACDD91000BA65A /* Games_CatalogTests.swift */; };
		9908EAB024ACDD91000BA65A /* Games_CatalogUITests.swift in Sources */ = {isa = PBXBuildFile; fileRef = 9908EAAF24ACDD91000BA65A /* Games_CatalogUITests.swift */; };
		9908EAC224ACDE5B000BA65A /* GamesView.swift in Sources */ = {isa = PBXBuildFile; fileRef = 9908EAC124ACDE5B000BA65A /* GamesView.swift */; };
		9908EAC524ACDEB9000BA65A /* RawgService.swift in Sources */ = {isa = PBXBuildFile; fileRef = 9908EAC424ACDEB9000BA65A /* RawgService.swift */; };
		9908EAC924ACDFC7000BA65A /* Game.swift in Sources */ = {isa = PBXBuildFile; fileRef = 9908EAC824ACDFC7000BA65A /* Game.swift */; };
		9908EACE24ACE61A000BA65A /* GameViewModel.swift in Sources */ = {isa = PBXBuildFile; fileRef = 9908EACD24ACE61A000BA65A /* GameViewModel.swift */; };
		9908EAD324ADAC9D000BA65A /* Constants.swift in Sources */ = {isa = PBXBuildFile; fileRef = 9908EAD224ADAC9D000BA65A /* Constants.swift */; };
		9908EADB24ADD257000BA65A /* BuildFile in Frameworks */ = {isa = PBXBuildFile; productRef = 9908EADA24ADD257000BA65A /* SwiftPackageProductDependency */; };
		991D4C9024B05D2C00DF0D0C /* DetailViewModel.swift in Sources */ = {isa = PBXBuildFile; fileRef = 991D4C8F24B05D2C00DF0D0C /* DetailViewModel.swift */; };
		991D4C9424B06F4100DF0D0C /* DetailContentView.swift in Sources */ = {isa = PBXBuildFile; fileRef = 991D4C9324B06F4100DF0D0C /* DetailContentView.swift */; };
		991D4C9624B0EB9D00DF0D0C /* DetailGame.swift in Sources */ = {isa = PBXBuildFile; fileRef = 991D4C9524B0EB9D00DF0D0C /* DetailGame.swift */; };
		991D4C9A24B0EEDB00DF0D0C /* Platforms.swift in Sources */ = {isa = PBXBuildFile; fileRef = 991D4C9924B0EEDB00DF0D0C /* Platforms.swift */; };
		991D4C9C24B0EF3E00DF0D0C /* Genres.swift in Sources */ = {isa = PBXBuildFile; fileRef = 991D4C9B24B0EF3E00DF0D0C /* Genres.swift */; };
		991D4C9E24B10DA000DF0D0C /* Developers.swift in Sources */ = {isa = PBXBuildFile; fileRef = 991D4C9D24B10D9F00DF0D0C /* Developers.swift */; };
		991D4CA024B10E2D00DF0D0C /* Publishers.swift in Sources */ = {isa = PBXBuildFile; fileRef = 991D4C9F24B10E2D00DF0D0C /* Publishers.swift */; };
		991D4CA524B1A37100DF0D0C /* SearchGameView.swift in Sources */ = {isa = PBXBuildFile; fileRef = 991D4CA424B1A37100DF0D0C /* SearchGameView.swift */; };
		991D4CA724B225F300DF0D0C /* SearchField.swift in Sources */ = {isa = PBXBuildFile; fileRef = 991D4CA624B225F300DF0D0C /* SearchField.swift */; };
		991D4CA924B231FB00DF0D0C /* SearchViewModel.swift in Sources */ = {isa = PBXBuildFile; fileRef = 991D4CA824B231FB00DF0D0C /* SearchViewModel.swift */; };
		99287A8D250890A20035E82D /* Profile.swift in Sources */ = {isa = PBXBuildFile; fileRef = 99287A8C250890A20035E82D /* Profile.swift */; };
		99287A8F2508A6300035E82D /* ImagePicker.swift in Sources */ = {isa = PBXBuildFile; fileRef = 99287A8E2508A6300035E82D /* ImagePicker.swift */; };
		99287A912508CB9F0035E82D /* GameListView.swift in Sources */ = {isa = PBXBuildFile; fileRef = 99287A902508CB9F0035E82D /* GameListView.swift */; };
		99287A932509E8E90035E82D /* EmptyStateView.swift in Sources */ = {isa = PBXBuildFile; fileRef = 99287A922509E8E80035E82D /* EmptyStateView.swift */; };
		99487EAD24D54BAF00924E08 /* EditProfileView.swift in Sources */ = {isa = PBXBuildFile; fileRef = 99487EAC24D54BAF00924E08 /* EditProfileView.swift */; };
		994D141624D934AE00669EC0 /* Assets.xcassets in Resources */ = {isa = PBXBuildFile; fileRef = 994D141524D934AE00669EC0 /* Assets.xcassets */; };
		994D141924D9367C00669EC0 /* Font.swift in Sources */ = {isa = PBXBuildFile; fileRef = 994D141824D9367C00669EC0 /* Font.swift */; };
		995A7AAC24CDDB0E003CD025 /* PersistenceContainer.swift in Sources */ = {isa = PBXBuildFile; fileRef = 995A7AAB24CDDB0D003CD025 /* PersistenceContainer.swift */; };
		995A7AAF24CDDB28003CD025 /* GameCatalog.xcdatamodeld in Sources */ = {isa = PBXBuildFile; fileRef = 995A7AAD24CDDB28003CD025 /* GameCatalog.xcdatamodeld */; };
		995A7AB224CDE0B0003CD025 /* FavoriteView.swift in Sources */ = {isa = PBXBuildFile; fileRef = 995A7AB124CDE0B0003CD025 /* FavoriteView.swift */; };
		999CCDB824CC4FC8007B8F31 /* SectionHeaderView.swift in Sources */ = {isa = PBXBuildFile; fileRef = 999CCDB724CC4FC8007B8F31 /* SectionHeaderView.swift */; };
		999CCDBA24CC5618007B8F31 /* ProgressViewCustom.swift in Sources */ = {isa = PBXBuildFile; fileRef = 999CCDB924CC5618007B8F31 /* ProgressViewCustom.swift */; };
		999CCDC224CC7A1E007B8F31 /* Clip.swift in Sources */ = {isa = PBXBuildFile; fileRef = 999CCDC124CC7A1E007B8F31 /* Clip.swift */; };
		99C22B5424AE3C6500BE0959 /* RatingView.swift in Sources */ = {isa = PBXBuildFile; fileRef = 99C22B5324AE3C6500BE0959 /* RatingView.swift */; };
		99C22B5B24AF2F9500BE0959 /* DetailGameView.swift in Sources */ = {isa = PBXBuildFile; fileRef = 99C22B5A24AF2F9500BE0959 /* DetailGameView.swift */; };
		99C22B5D24B0435D00BE0959 /* Screenshot.swift in Sources */ = {isa = PBXBuildFile; fileRef = 99C22B5C24B0435D00BE0959 /* Screenshot.swift */; };
		99C842AB24BC80E2008E7566 /* ScoreBox.swift in Sources */ = {isa = PBXBuildFile; fileRef = 99C842AA24BC80E2008E7566 /* ScoreBox.swift */; };
		99C842AF24BC818E008E7566 /* GameCard.swift in Sources */ = {isa = PBXBuildFile; fileRef = 99C842AE24BC818D008E7566 /* GameCard.swift */; };
		99CD145324CF349900AEDA16 /* FavoriteGameRow.swift in Sources */ = {isa = PBXBuildFile; fileRef = 99CD145224CF349900AEDA16 /* FavoriteGameRow.swift */; };
		99F0403A24CAF08900D36E47 /* Color.xcassets in Resources */ = {isa = PBXBuildFile; fileRef = 99F0403924CAF08900D36E47 /* Color.xcassets */; };
		99F0404024CAFB3B00D36E47 /* BlurView.swift in Sources */ = {isa = PBXBuildFile; fileRef = 99F0403F24CAFB3B00D36E47 /* BlurView.swift */; };
/* End PBXBuildFile section */

/* Begin PBXContainerItemProxy section */
		9908EAA124ACDD91000BA65A /* PBXContainerItemProxy */ = {
			isa = PBXContainerItemProxy;
			containerPortal = 9908EA8724ACDD8E000BA65A /* Project object */;
			proxyType = 1;
			remoteGlobalIDString = 9908EA8E24ACDD8E000BA65A;
			remoteInfo = "Games Catalog";
		};
		9908EAAC24ACDD91000BA65A /* PBXContainerItemProxy */ = {
			isa = PBXContainerItemProxy;
			containerPortal = 9908EA8724ACDD8E000BA65A /* Project object */;
			proxyType = 1;
			remoteGlobalIDString = 9908EA8E24ACDD8E000BA65A;
			remoteInfo = "Games Catalog";
		};
/* End PBXContainerItemProxy section */

/* Begin PBXFileReference section */
		9908EA8F24ACDD8E000BA65A /* Games Catalog.app */ = {isa = PBXFileReference; explicitFileType = wrapper.application; includeInIndex = 0; path = "Games Catalog.app"; sourceTree = BUILT_PRODUCTS_DIR; };
		9908EA9224ACDD8E000BA65A /* App.swift */ = {isa = PBXFileReference; lastKnownFileType = sourcecode.swift; path = App.swift; sourceTree = "<group>"; };
		9908EA9424ACDD8E000BA65A /* About.swift */ = {isa = PBXFileReference; lastKnownFileType = sourcecode.swift; path = About.swift; sourceTree = "<group>"; };
		9908EA9924ACDD90000BA65A /* Preview Assets.xcassets */ = {isa = PBXFileReference; lastKnownFileType = folder.assetcatalog; path = "Preview Assets.xcassets"; sourceTree = "<group>"; };
		9908EA9B24ACDD90000BA65A /* Info.plist */ = {isa = PBXFileReference; lastKnownFileType = text.plist.xml; path = Info.plist; sourceTree = "<group>"; };
		9908EAA024ACDD91000BA65A /* Games CatalogTests.xctest */ = {isa = PBXFileReference; explicitFileType = wrapper.cfbundle; includeInIndex = 0; path = "Games CatalogTests.xctest"; sourceTree = BUILT_PRODUCTS_DIR; };
		9908EAA424ACDD91000BA65A /* Games_CatalogTests.swift */ = {isa = PBXFileReference; lastKnownFileType = sourcecode.swift; path = Games_CatalogTests.swift; sourceTree = "<group>"; };
		9908EAA624ACDD91000BA65A /* Info.plist */ = {isa = PBXFileReference; lastKnownFileType = text.plist.xml; path = Info.plist; sourceTree = "<group>"; };
		9908EAAB24ACDD91000BA65A /* Games CatalogUITests.xctest */ = {isa = PBXFileReference; explicitFileType = wrapper.cfbundle; includeInIndex = 0; path = "Games CatalogUITests.xctest"; sourceTree = BUILT_PRODUCTS_DIR; };
		9908EAAF24ACDD91000BA65A /* Games_CatalogUITests.swift */ = {isa = PBXFileReference; lastKnownFileType = sourcecode.swift; path = Games_CatalogUITests.swift; sourceTree = "<group>"; };
		9908EAB124ACDD91000BA65A /* Info.plist */ = {isa = PBXFileReference; lastKnownFileType = text.plist.xml; path = Info.plist; sourceTree = "<group>"; };
		9908EAC124ACDE5B000BA65A /* GamesView.swift */ = {isa = PBXFileReference; lastKnownFileType = sourcecode.swift; path = GamesView.swift; sourceTree = "<group>"; };
		9908EAC424ACDEB9000BA65A /* RawgService.swift */ = {isa = PBXFileReference; lastKnownFileType = sourcecode.swift; path = RawgService.swift; sourceTree = "<group>"; };
		9908EAC824ACDFC7000BA65A /* Game.swift */ = {isa = PBXFileReference; lastKnownFileType = sourcecode.swift; path = Game.swift; sourceTree = "<group>"; };
		9908EACD24ACE61A000BA65A /* GameViewModel.swift */ = {isa = PBXFileReference; lastKnownFileType = sourcecode.swift; path = GameViewModel.swift; sourceTree = "<group>"; };
		9908EAD224ADAC9D000BA65A /* Constants.swift */ = {isa = PBXFileReference; lastKnownFileType = sourcecode.swift; path = Constants.swift; sourceTree = "<group>"; };
		991D4C8F24B05D2C00DF0D0C /* DetailViewModel.swift */ = {isa = PBXFileReference; lastKnownFileType = sourcecode.swift; path = DetailViewModel.swift; sourceTree = "<group>"; };
		991D4C9324B06F4100DF0D0C /* DetailContentView.swift */ = {isa = PBXFileReference; lastKnownFileType = sourcecode.swift; path = DetailContentView.swift; sourceTree = "<group>"; };
		991D4C9524B0EB9D00DF0D0C /* DetailGame.swift */ = {isa = PBXFileReference; lastKnownFileType = sourcecode.swift; path = DetailGame.swift; sourceTree = "<group>"; };
		991D4C9924B0EEDB00DF0D0C /* Platforms.swift */ = {isa = PBXFileReference; lastKnownFileType = sourcecode.swift; path = Platforms.swift; sourceTree = "<group>"; };
		991D4C9B24B0EF3E00DF0D0C /* Genres.swift */ = {isa = PBXFileReference; lastKnownFileType = sourcecode.swift; path = Genres.swift; sourceTree = "<group>"; };
		991D4C9D24B10D9F00DF0D0C /* Developers.swift */ = {isa = PBXFileReference; lastKnownFileType = sourcecode.swift; path = Developers.swift; sourceTree = "<group>"; };
		991D4C9F24B10E2D00DF0D0C /* Publishers.swift */ = {isa = PBXFileReference; lastKnownFileType = sourcecode.swift; path = Publishers.swift; sourceTree = "<group>"; };
		991D4CA424B1A37100DF0D0C /* SearchGameView.swift */ = {isa = PBXFileReference; lastKnownFileType = sourcecode.swift; path = SearchGameView.swift; sourceTree = "<group>"; };
		991D4CA624B225F300DF0D0C /* SearchField.swift */ = {isa = PBXFileReference; lastKnownFileType = sourcecode.swift; path = SearchField.swift; sourceTree = "<group>"; };
		991D4CA824B231FB00DF0D0C /* SearchViewModel.swift */ = {isa = PBXFileReference; lastKnownFileType = sourcecode.swift; path = SearchViewModel.swift; sourceTree = "<group>"; };
		99287A8C250890A20035E82D /* Profile.swift */ = {isa = PBXFileReference; lastKnownFileType = sourcecode.swift; path = Profile.swift; sourceTree = "<group>"; };
		99287A8E2508A6300035E82D /* ImagePicker.swift */ = {isa = PBXFileReference; lastKnownFileType = sourcecode.swift; path = ImagePicker.swift; sourceTree = "<group>"; };
		99287A902508CB9F0035E82D /* GameListView.swift */ = {isa = PBXFileReference; lastKnownFileType = sourcecode.swift; path = GameListView.swift; sourceTree = "<group>"; };
		99287A922509E8E80035E82D /* EmptyStateView.swift */ = {isa = PBXFileReference; lastKnownFileType = sourcecode.swift; path = EmptyStateView.swift; sourceTree = "<group>"; };
		99487EAC24D54BAF00924E08 /* EditProfileView.swift */ = {isa = PBXFileReference; lastKnownFileType = sourcecode.swift; path = EditProfileView.swift; sourceTree = "<group>"; };
		994D141524D934AE00669EC0 /* Assets.xcassets */ = {isa = PBXFileReference; lastKnownFileType = folder.assetcatalog; name = Assets.xcassets; path = "Games Catalog/Assets.xcassets"; sourceTree = SOURCE_ROOT; };
		994D141824D9367C00669EC0 /* Font.swift */ = {isa = PBXFileReference; fileEncoding = 4; lastKnownFileType = sourcecode.swift; path = Font.swift; sourceTree = "<group>"; };
		995A7AAB24CDDB0D003CD025 /* PersistenceContainer.swift */ = {isa = PBXFileReference; lastKnownFileType = sourcecode.swift; path = PersistenceContainer.swift; sourceTree = "<group>"; };
		995A7AAE24CDDB28003CD025 /* GameCatalog.xcdatamodel */ = {isa = PBXFileReference; lastKnownFileType = wrapper.xcdatamodel; path = GameCatalog.xcdatamodel; sourceTree = "<group>"; };
		995A7AB124CDE0B0003CD025 /* FavoriteView.swift */ = {isa = PBXFileReference; lastKnownFileType = sourcecode.swift; path = FavoriteView.swift; sourceTree = "<group>"; };
		999CCDB724CC4FC8007B8F31 /* SectionHeaderView.swift */ = {isa = PBXFileReference; lastKnownFileType = sourcecode.swift; path = SectionHeaderView.swift; sourceTree = "<group>"; };
		999CCDB924CC5618007B8F31 /* ProgressViewCustom.swift */ = {isa = PBXFileReference; lastKnownFileType = sourcecode.swift; path = ProgressViewCustom.swift; sourceTree = "<group>"; };
		999CCDC124CC7A1E007B8F31 /* Clip.swift */ = {isa = PBXFileReference; lastKnownFileType = sourcecode.swift; path = Clip.swift; sourceTree = "<group>"; };
		99C22B5324AE3C6500BE0959 /* RatingView.swift */ = {isa = PBXFileReference; lastKnownFileType = sourcecode.swift; path = RatingView.swift; sourceTree = "<group>"; };
		99C22B5A24AF2F9500BE0959 /* DetailGameView.swift */ = {isa = PBXFileReference; lastKnownFileType = sourcecode.swift; path = DetailGameView.swift; sourceTree = "<group>"; };
		99C22B5C24B0435D00BE0959 /* Screenshot.swift */ = {isa = PBXFileReference; lastKnownFileType = sourcecode.swift; path = Screenshot.swift; sourceTree = "<group>"; };
		99C842AA24BC80E2008E7566 /* ScoreBox.swift */ = {isa = PBXFileReference; fileEncoding = 4; lastKnownFileType = sourcecode.swift; path = ScoreBox.swift; sourceTree = "<group>"; };
		99C842AE24BC818D008E7566 /* GameCard.swift */ = {isa = PBXFileReference; fileEncoding = 4; lastKnownFileType = sourcecode.swift; path = GameCard.swift; sourceTree = "<group>"; };
		99CD145224CF349900AEDA16 /* FavoriteGameRow.swift */ = {isa = PBXFileReference; lastKnownFileType = sourcecode.swift; path = FavoriteGameRow.swift; sourceTree = "<group>"; };
		99F0403924CAF08900D36E47 /* Color.xcassets */ = {isa = PBXFileReference; lastKnownFileType = folder.assetcatalog; path = Color.xcassets; sourceTree = "<group>"; };
		99F0403F24CAFB3B00D36E47 /* BlurView.swift */ = {isa = PBXFileReference; lastKnownFileType = sourcecode.swift; path = BlurView.swift; sourceTree = "<group>"; };
/* End PBXFileReference section */

/* Begin PBXFrameworksBuildPhase section */
		9908EA8C24ACDD8E000BA65A /* Frameworks */ = {
			isa = PBXFrameworksBuildPhase;
			buildActionMask = 2147483647;
			files = (
				9908EADB24ADD257000BA65A /* BuildFile in Frameworks */,
			);
			runOnlyForDeploymentPostprocessing = 0;
		};
		9908EA9D24ACDD91000BA65A /* Frameworks */ = {
			isa = PBXFrameworksBuildPhase;
			buildActionMask = 2147483647;
			files = (
			);
			runOnlyForDeploymentPostprocessing = 0;
		};
		9908EAA824ACDD91000BA65A /* Frameworks */ = {
			isa = PBXFrameworksBuildPhase;
			buildActionMask = 2147483647;
			files = (
			);
			runOnlyForDeploymentPostprocessing = 0;
		};
/* End PBXFrameworksBuildPhase section */

/* Begin PBXGroup section */
		9908EA8624ACDD8E000BA65A = {
			isa = PBXGroup;
			children = (
				9908EA9124ACDD8E000BA65A /* Games Catalog */,
				9908EAA324ACDD91000BA65A /* Games CatalogTests */,
				9908EAAE24ACDD91000BA65A /* Games CatalogUITests */,
				9908EA9024ACDD8E000BA65A /* Products */,
				F1FEDA61CC6EBF728BF1CC4A /* Pods */,
			);
			sourceTree = "<group>";
		};
		9908EA9024ACDD8E000BA65A /* Products */ = {
			isa = PBXGroup;
			children = (
				9908EA8F24ACDD8E000BA65A /* Games Catalog.app */,
				9908EAA024ACDD91000BA65A /* Games CatalogTests.xctest */,
				9908EAAB24ACDD91000BA65A /* Games CatalogUITests.xctest */,
			);
			name = Products;
			sourceTree = "<group>";
		};
		9908EA9124ACDD8E000BA65A /* Games Catalog */ = {
			isa = PBXGroup;
			children = (
				994D141724D9365F00669EC0 /* Extension */,
				99C22B5024AE2C6C00BE0959 /* ComponentView */,
				9908EAD124ADAC8B000BA65A /* utils */,
				9908EACC24ACE60D000BA65A /* ViewModel */,
				9908EAC324ACDE68000BA65A /* Models */,
				9908EABE24ACDDD0000BA65A /* Services */,
				9908EABD24ACDDC7000BA65A /* Views */,
				9908EA9224ACDD8E000BA65A /* App.swift */,
				9908EA9B24ACDD90000BA65A /* Info.plist */,
				994D141524D934AE00669EC0 /* Assets.xcassets */,
				9908EA9824ACDD90000BA65A /* Preview Content */,
				99F0403924CAF08900D36E47 /* Color.xcassets */,
			);
			path = "Games Catalog";
			sourceTree = "<group>";
		};
		9908EA9824ACDD90000BA65A /* Preview Content */ = {
			isa = PBXGroup;
			children = (
				9908EA9924ACDD90000BA65A /* Preview Assets.xcassets */,
			);
			path = "Preview Content";
			sourceTree = "<group>";
		};
		9908EAA324ACDD91000BA65A /* Games CatalogTests */ = {
			isa = PBXGroup;
			children = (
				9908EAA424ACDD91000BA65A /* Games_CatalogTests.swift */,
				9908EAA624ACDD91000BA65A /* Info.plist */,
			);
			path = "Games CatalogTests";
			sourceTree = "<group>";
		};
		9908EAAE24ACDD91000BA65A /* Games CatalogUITests */ = {
			isa = PBXGroup;
			children = (
				9908EAAF24ACDD91000BA65A /* Games_CatalogUITests.swift */,
				9908EAB124ACDD91000BA65A /* Info.plist */,
			);
			path = "Games CatalogUITests";
			sourceTree = "<group>";
		};
		9908EABD24ACDDC7000BA65A /* Views */ = {
			isa = PBXGroup;
			children = (
				995A7AB024CDE092003CD025 /* Favorite */,
				991D4CA324B1A36000DF0D0C /* Search */,
				99C22B5924AF2F8400BE0959 /* Detail */,
				9908EAC024ACDDE4000BA65A /* Games */,
				9908EABF24ACDDD9000BA65A /* About */,
			);
			path = Views;
			sourceTree = "<group>";
		};
		9908EABE24ACDDD0000BA65A /* Services */ = {
			isa = PBXGroup;
			children = (
				995A7AAA24CDD8D2003CD025 /* Remote */,
				995A7AA924CDD8CB003CD025 /* Local */,
			);
			path = Services;
			sourceTree = "<group>";
		};
		9908EABF24ACDDD9000BA65A /* About */ = {
			isa = PBXGroup;
			children = (
				9908EA9424ACDD8E000BA65A /* About.swift */,
				99487EAC24D54BAF00924E08 /* EditProfileView.swift */,
				99287A8C250890A20035E82D /* Profile.swift */,
			);
			path = About;
			sourceTree = "<group>";
		};
		9908EAC024ACDDE4000BA65A /* Games */ = {
			isa = PBXGroup;
			children = (
				99C842AE24BC818D008E7566 /* GameCard.swift */,
				9908EAC124ACDE5B000BA65A /* GamesView.swift */,
				99287A902508CB9F0035E82D /* GameListView.swift */,
			);
			path = Games;
			sourceTree = "<group>";
		};
		9908EAC324ACDE68000BA65A /* Models */ = {
			isa = PBXGroup;
			children = (
				9908EAC824ACDFC7000BA65A /* Game.swift */,
				99C22B5C24B0435D00BE0959 /* Screenshot.swift */,
				991D4C9524B0EB9D00DF0D0C /* DetailGame.swift */,
				991D4C9924B0EEDB00DF0D0C /* Platforms.swift */,
				991D4C9B24B0EF3E00DF0D0C /* Genres.swift */,
				991D4C9D24B10D9F00DF0D0C /* Developers.swift */,
				991D4C9F24B10E2D00DF0D0C /* Publishers.swift */,
				999CCDC124CC7A1E007B8F31 /* Clip.swift */,
			);
			path = Models;
			sourceTree = "<group>";
		};
		9908EACC24ACE60D000BA65A /* ViewModel */ = {
			isa = PBXGroup;
			children = (
				9908EACD24ACE61A000BA65A /* GameViewModel.swift */,
				991D4C8F24B05D2C00DF0D0C /* DetailViewModel.swift */,
				991D4CA824B231FB00DF0D0C /* SearchViewModel.swift */,
			);
			path = ViewModel;
			sourceTree = "<group>";
		};
		9908EAD124ADAC8B000BA65A /* utils */ = {
			isa = PBXGroup;
			children = (
				9908EAD224ADAC9D000BA65A /* Constants.swift */,
			);
			path = utils;
			sourceTree = "<group>";
		};
		991D4CA324B1A36000DF0D0C /* Search */ = {
			isa = PBXGroup;
			children = (
				991D4CA424B1A37100DF0D0C /* SearchGameView.swift */,
			);
			path = Search;
			sourceTree = "<group>";
		};
		994D141724D9365F00669EC0 /* Extension */ = {
			isa = PBXGroup;
			children = (
				994D141824D9367C00669EC0 /* Font.swift */,
			);
			path = Extension;
			sourceTree = "<group>";
		};
		995A7AA924CDD8CB003CD025 /* Local */ = {
			isa = PBXGroup;
			children = (
				995A7AAD24CDDB28003CD025 /* GameCatalog.xcdatamodeld */,
				995A7AAB24CDDB0D003CD025 /* PersistenceContainer.swift */,
			);
			path = Local;
			sourceTree = "<group>";
		};
		995A7AAA24CDD8D2003CD025 /* Remote */ = {
			isa = PBXGroup;
			children = (
				9908EAC424ACDEB9000BA65A /* RawgService.swift */,
			);
			path = Remote;
			sourceTree = "<group>";
		};
		995A7AB024CDE092003CD025 /* Favorite */ = {
			isa = PBXGroup;
			children = (
				995A7AB124CDE0B0003CD025 /* FavoriteView.swift */,
				99CD145224CF349900AEDA16 /* FavoriteGameRow.swift */,
			);
			path = Favorite;
			sourceTree = "<group>";
		};
		99C22B5024AE2C6C00BE0959 /* ComponentView */ = {
			isa = PBXGroup;
			children = (
				99F0403E24CAFB2900D36E47 /* UIRepresentable */,
				99C842AA24BC80E2008E7566 /* ScoreBox.swift */,
				99C22B5324AE3C6500BE0959 /* RatingView.swift */,
				991D4CA624B225F300DF0D0C /* SearchField.swift */,
				999CCDB724CC4FC8007B8F31 /* SectionHeaderView.swift */,
				999CCDB924CC5618007B8F31 /* ProgressViewCustom.swift */,
				99287A922509E8E80035E82D /* EmptyStateView.swift */,
			);
			path = ComponentView;
			sourceTree = "<group>";
		};
		99C22B5924AF2F8400BE0959 /* Detail */ = {
			isa = PBXGroup;
			children = (
				99C22B5A24AF2F9500BE0959 /* DetailGameView.swift */,
				991D4C9324B06F4100DF0D0C /* DetailContentView.swift */,
			);
			path = Detail;
			sourceTree = "<group>";
		};
		99F0403E24CAFB2900D36E47 /* UIRepresentable */ = {
			isa = PBXGroup;
			children = (
				99F0403F24CAFB3B00D36E47 /* BlurView.swift */,
				99287A8E2508A6300035E82D /* ImagePicker.swift */,
			);
			path = UIRepresentable;
			sourceTree = "<group>";
		};
		F1FEDA61CC6EBF728BF1CC4A /* Pods */ = {
			isa = PBXGroup;
			children = (
			);
			path = Pods;
			sourceTree = "<group>";
		};
/* End PBXGroup section */

/* Begin PBXNativeTarget section */
		9908EA8E24ACDD8E000BA65A /* Games Catalog */ = {
			isa = PBXNativeTarget;
			buildConfigurationList = 9908EAB424ACDD91000BA65A /* Build configuration list for PBXNativeTarget "Games Catalog" */;
			buildPhases = (
				9908EA8B24ACDD8E000BA65A /* Sources */,
				9908EA8C24ACDD8E000BA65A /* Frameworks */,
				9908EA8D24ACDD8E000BA65A /* Resources */,
				99287A94250A157B0035E82D /* SwiftLint */,
			);
			buildRules = (
			);
			dependencies = (
			);
			name = "Games Catalog";
			packageProductDependencies = (
				9908EADA24ADD257000BA65A /* SwiftPackageProductDependency */,
			);
			productName = "Games Catalog";
			productReference = 9908EA8F24ACDD8E000BA65A /* Games Catalog.app */;
			productType = "com.apple.product-type.application";
		};
		9908EA9F24ACDD91000BA65A /* Games CatalogTests */ = {
			isa = PBXNativeTarget;
			buildConfigurationList = 9908EAB724ACDD91000BA65A /* Build configuration list for PBXNativeTarget "Games CatalogTests" */;
			buildPhases = (
				9908EA9C24ACDD91000BA65A /* Sources */,
				9908EA9D24ACDD91000BA65A /* Frameworks */,
				9908EA9E24ACDD91000BA65A /* Resources */,
			);
			buildRules = (
			);
			dependencies = (
				9908EAA224ACDD91000BA65A /* PBXTargetDependency */,
			);
			name = "Games CatalogTests";
			productName = "Games CatalogTests";
			productReference = 9908EAA024ACDD91000BA65A /* Games CatalogTests.xctest */;
			productType = "com.apple.product-type.bundle.unit-test";
		};
		9908EAAA24ACDD91000BA65A /* Games CatalogUITests */ = {
			isa = PBXNativeTarget;
			buildConfigurationList = 9908EABA24ACDD91000BA65A /* Build configuration list for PBXNativeTarget "Games CatalogUITests" */;
			buildPhases = (
				9908EAA724ACDD91000BA65A /* Sources */,
				9908EAA824ACDD91000BA65A /* Frameworks */,
				9908EAA924ACDD91000BA65A /* Resources */,
			);
			buildRules = (
			);
			dependencies = (
				9908EAAD24ACDD91000BA65A /* PBXTargetDependency */,
			);
			name = "Games CatalogUITests";
			productName = "Games CatalogUITests";
			productReference = 9908EAAB24ACDD91000BA65A /* Games CatalogUITests.xctest */;
			productType = "com.apple.product-type.bundle.ui-testing";
		};
/* End PBXNativeTarget section */

/* Begin PBXProject section */
		9908EA8724ACDD8E000BA65A /* Project object */ = {
			isa = PBXProject;
			attributes = {
				LastSwiftUpdateCheck = 1200;
				LastUpgradeCheck = 1200;
				TargetAttributes = {
					9908EA8E24ACDD8E000BA65A = {
						CreatedOnToolsVersion = 12.0;
					};
					9908EA9F24ACDD91000BA65A = {
						CreatedOnToolsVersion = 12.0;
						TestTargetID = 9908EA8E24ACDD8E000BA65A;
					};
					9908EAAA24ACDD91000BA65A = {
						CreatedOnToolsVersion = 12.0;
						TestTargetID = 9908EA8E24ACDD8E000BA65A;
					};
				};
			};
			buildConfigurationList = 9908EA8A24ACDD8E000BA65A /* Build configuration list for PBXProject "Games Catalog" */;
			compatibilityVersion = "Xcode 9.3";
			developmentRegion = en;
			hasScannedForEncodings = 0;
			knownRegions = (
				en,
				Base,
			);
			mainGroup = 9908EA8624ACDD8E000BA65A;
			packageReferences = (
				9908EAD924ADD257000BA65A /* RemoteSwiftPackageReference */,
			);
			productRefGroup = 9908EA9024ACDD8E000BA65A /* Products */;
			projectDirPath = "";
			projectRoot = "";
			targets = (
				9908EA8E24ACDD8E000BA65A /* Games Catalog */,
				9908EA9F24ACDD91000BA65A /* Games CatalogTests */,
				9908EAAA24ACDD91000BA65A /* Games CatalogUITests */,
			);
		};
/* End PBXProject section */

/* Begin PBXResourcesBuildPhase section */
		9908EA8D24ACDD8E000BA65A /* Resources */ = {
			isa = PBXResourcesBuildPhase;
			buildActionMask = 2147483647;
			files = (
				9908EA9A24ACDD90000BA65A /* Preview Assets.xcassets in Resources */,
				994D141624D934AE00669EC0 /* Assets.xcassets in Resources */,
				99F0403A24CAF08900D36E47 /* Color.xcassets in Resources */,
			);
			runOnlyForDeploymentPostprocessing = 0;
		};
		9908EA9E24ACDD91000BA65A /* Resources */ = {
			isa = PBXResourcesBuildPhase;
			buildActionMask = 2147483647;
			files = (
			);
			runOnlyForDeploymentPostprocessing = 0;
		};
		9908EAA924ACDD91000BA65A /* Resources */ = {
			isa = PBXResourcesBuildPhase;
			buildActionMask = 2147483647;
			files = (
			);
			runOnlyForDeploymentPostprocessing = 0;
		};
/* End PBXResourcesBuildPhase section */

/* Begin PBXShellScriptBuildPhase section */
		99287A94250A157B0035E82D /* SwiftLint */ = {
			isa = PBXShellScriptBuildPhase;
			buildActionMask = 2147483647;
			files = (
			);
			inputFileListPaths = (
			);
			inputPaths = (
			);
			name = SwiftLint;
			outputFileListPaths = (
			);
			outputPaths = (
			);
			runOnlyForDeploymentPostprocessing = 0;
			shellPath = /bin/sh;
			shellScript = "if which swiftlint >/dev/null; then\n  swiftlint\nelse\n  echo \"warning: SwiftLint not installed, download from https://github.com/realm/SwiftLint\"\nfi\n";
		};
/* End PBXShellScriptBuildPhase section */

/* Begin PBXSourcesBuildPhase section */
		9908EA8B24ACDD8E000BA65A /* Sources */ = {
			isa = PBXSourcesBuildPhase;
			buildActionMask = 2147483647;
			files = (
				99C22B5424AE3C6500BE0959 /* RatingView.swift in Sources */,
				99C22B5B24AF2F9500BE0959 /* DetailGameView.swift in Sources */,
				991D4C9424B06F4100DF0D0C /* DetailContentView.swift in Sources */,
				99287A8F2508A6300035E82D /* ImagePicker.swift in Sources */,
				99C22B5D24B0435D00BE0959 /* Screenshot.swift in Sources */,
				991D4CA724B225F300DF0D0C /* SearchField.swift in Sources */,
				991D4C9E24B10DA000DF0D0C /* Developers.swift in Sources */,
				991D4CA524B1A37100DF0D0C /* SearchGameView.swift in Sources */,
				9908EAC224ACDE5B000BA65A /* GamesView.swift in Sources */,
				995A7AAC24CDDB0E003CD025 /* PersistenceContainer.swift in Sources */,
				991D4CA024B10E2D00DF0D0C /* Publishers.swift in Sources */,
				9908EAC524ACDEB9000BA65A /* RawgService.swift in Sources */,
				991D4C9624B0EB9D00DF0D0C /* DetailGame.swift in Sources */,
				991D4C9C24B0EF3E00DF0D0C /* Genres.swift in Sources */,
				991D4CA924B231FB00DF0D0C /* SearchViewModel.swift in Sources */,
				9908EAC924ACDFC7000BA65A /* Game.swift in Sources */,
				9908EA9524ACDD8E000BA65A /* About.swift in Sources */,
				99287A8D250890A20035E82D /* Profile.swift in Sources */,
				991D4C9024B05D2C00DF0D0C /* DetailViewModel.swift in Sources */,
				995A7AAF24CDDB28003CD025 /* GameCatalog.xcdatamodeld in Sources */,
				99F0404024CAFB3B00D36E47 /* BlurView.swift in Sources */,
				99C842AF24BC818E008E7566 /* GameCard.swift in Sources */,
				9908EAD324ADAC9D000BA65A /* Constants.swift in Sources */,
				99487EAD24D54BAF00924E08 /* EditProfileView.swift in Sources */,
				999CCDC224CC7A1E007B8F31 /* Clip.swift in Sources */,
				99CD145324CF349900AEDA16 /* FavoriteGameRow.swift in Sources */,
				99C842AB24BC80E2008E7566 /* ScoreBox.swift in Sources */,
				995A7AB224CDE0B0003CD025 /* FavoriteView.swift in Sources */,
				99287A932509E8E90035E82D /* EmptyStateView.swift in Sources */,
				9908EA9324ACDD8E000BA65A /* App.swift in Sources */,
				999CCDB824CC4FC8007B8F31 /* SectionHeaderView.swift in Sources */,
				99287A912508CB9F0035E82D /* GameListView.swift in Sources */,
				994D141924D9367C00669EC0 /* Font.swift in Sources */,
				9908EACE24ACE61A000BA65A /* GameViewModel.swift in Sources */,
				991D4C9A24B0EEDB00DF0D0C /* Platforms.swift in Sources */,
				999CCDBA24CC5618007B8F31 /* ProgressViewCustom.swift in Sources */,
			);
			runOnlyForDeploymentPostprocessing = 0;
		};
		9908EA9C24ACDD91000BA65A /* Sources */ = {
			isa = PBXSourcesBuildPhase;
			buildActionMask = 2147483647;
			files = (
				9908EAA524ACDD91000BA65A /* Games_CatalogTests.swift in Sources */,
			);
			runOnlyForDeploymentPostprocessing = 0;
		};
		9908EAA724ACDD91000BA65A /* Sources */ = {
			isa = PBXSourcesBuildPhase;
			buildActionMask = 2147483647;
			files = (
				9908EAB024ACDD91000BA65A /* Games_CatalogUITests.swift in Sources */,
			);
			runOnlyForDeploymentPostprocessing = 0;
		};
/* End PBXSourcesBuildPhase section */

/* Begin PBXTargetDependency section */
		9908EAA224ACDD91000BA65A /* PBXTargetDependency */ = {
			isa = PBXTargetDependency;
			target = 9908EA8E24ACDD8E000BA65A /* Games Catalog */;
			targetProxy = 9908EAA124ACDD91000BA65A /* PBXContainerItemProxy */;
		};
		9908EAAD24ACDD91000BA65A /* PBXTargetDependency */ = {
			isa = PBXTargetDependency;
			target = 9908EA8E24ACDD8E000BA65A /* Games Catalog */;
			targetProxy = 9908EAAC24ACDD91000BA65A /* PBXContainerItemProxy */;
		};
/* End PBXTargetDependency section */

/* Begin XCBuildConfiguration section */
		9908EAB224ACDD91000BA65A /* Debug */ = {
			isa = XCBuildConfiguration;
			buildSettings = {
				ALWAYS_SEARCH_USER_PATHS = NO;
				CLANG_ANALYZER_NONNULL = YES;
				CLANG_ANALYZER_NUMBER_OBJECT_CONVERSION = YES_AGGRESSIVE;
				CLANG_CXX_LANGUAGE_STANDARD = "gnu++14";
				CLANG_CXX_LIBRARY = "libc++";
				CLANG_ENABLE_MODULES = YES;
				CLANG_ENABLE_OBJC_ARC = YES;
				CLANG_ENABLE_OBJC_WEAK = YES;
				CLANG_WARN_BLOCK_CAPTURE_AUTORELEASING = YES;
				CLANG_WARN_BOOL_CONVERSION = YES;
				CLANG_WARN_COMMA = YES;
				CLANG_WARN_CONSTANT_CONVERSION = YES;
				CLANG_WARN_DEPRECATED_OBJC_IMPLEMENTATIONS = YES;
				CLANG_WARN_DIRECT_OBJC_ISA_USAGE = YES_ERROR;
				CLANG_WARN_DOCUMENTATION_COMMENTS = YES;
				CLANG_WARN_EMPTY_BODY = YES;
				CLANG_WARN_ENUM_CONVERSION = YES;
				CLANG_WARN_INFINITE_RECURSION = YES;
				CLANG_WARN_INT_CONVERSION = YES;
				CLANG_WARN_NON_LITERAL_NULL_CONVERSION = YES;
				CLANG_WARN_OBJC_IMPLICIT_RETAIN_SELF = YES;
				CLANG_WARN_OBJC_LITERAL_CONVERSION = YES;
				CLANG_WARN_OBJC_ROOT_CLASS = YES_ERROR;
				CLANG_WARN_QUOTED_INCLUDE_IN_FRAMEWORK_HEADER = YES;
				CLANG_WARN_RANGE_LOOP_ANALYSIS = YES;
				CLANG_WARN_STRICT_PROTOTYPES = YES;
				CLANG_WARN_SUSPICIOUS_MOVE = YES;
				CLANG_WARN_UNGUARDED_AVAILABILITY = YES_AGGRESSIVE;
				CLANG_WARN_UNREACHABLE_CODE = YES;
				CLANG_WARN__DUPLICATE_METHOD_MATCH = YES;
				COPY_PHASE_STRIP = NO;
				DEBUG_INFORMATION_FORMAT = dwarf;
				ENABLE_STRICT_OBJC_MSGSEND = YES;
				ENABLE_TESTABILITY = YES;
				GCC_C_LANGUAGE_STANDARD = gnu11;
				GCC_DYNAMIC_NO_PIC = NO;
				GCC_NO_COMMON_BLOCKS = YES;
				GCC_OPTIMIZATION_LEVEL = 0;
				GCC_PREPROCESSOR_DEFINITIONS = (
					"DEBUG=1",
					"$(inherited)",
				);
				GCC_WARN_64_TO_32_BIT_CONVERSION = YES;
				GCC_WARN_ABOUT_RETURN_TYPE = YES_ERROR;
				GCC_WARN_UNDECLARED_SELECTOR = YES;
				GCC_WARN_UNINITIALIZED_AUTOS = YES_AGGRESSIVE;
				GCC_WARN_UNUSED_FUNCTION = YES;
				GCC_WARN_UNUSED_VARIABLE = YES;
				IPHONEOS_DEPLOYMENT_TARGET = 14.0;
				MTL_ENABLE_DEBUG_INFO = INCLUDE_SOURCE;
				MTL_FAST_MATH = YES;
				ONLY_ACTIVE_ARCH = YES;
				SDKROOT = iphoneos;
				SWIFT_ACTIVE_COMPILATION_CONDITIONS = DEBUG;
				SWIFT_OPTIMIZATION_LEVEL = "-Onone";
			};
			name = Debug;
		};
		9908EAB324ACDD91000BA65A /* Release */ = {
			isa = XCBuildConfiguration;
			buildSettings = {
				ALWAYS_SEARCH_USER_PATHS = NO;
				CLANG_ANALYZER_NONNULL = YES;
				CLANG_ANALYZER_NUMBER_OBJECT_CONVERSION = YES_AGGRESSIVE;
				CLANG_CXX_LANGUAGE_STANDARD = "gnu++14";
				CLANG_CXX_LIBRARY = "libc++";
				CLANG_ENABLE_MODULES = YES;
				CLANG_ENABLE_OBJC_ARC = YES;
				CLANG_ENABLE_OBJC_WEAK = YES;
				CLANG_WARN_BLOCK_CAPTURE_AUTORELEASING = YES;
				CLANG_WARN_BOOL_CONVERSION = YES;
				CLANG_WARN_COMMA = YES;
				CLANG_WARN_CONSTANT_CONVERSION = YES;
				CLANG_WARN_DEPRECATED_OBJC_IMPLEMENTATIONS = YES;
				CLANG_WARN_DIRECT_OBJC_ISA_USAGE = YES_ERROR;
				CLANG_WARN_DOCUMENTATION_COMMENTS = YES;
				CLANG_WARN_EMPTY_BODY = YES;
				CLANG_WARN_ENUM_CONVERSION = YES;
				CLANG_WARN_INFINITE_RECURSION = YES;
				CLANG_WARN_INT_CONVERSION = YES;
				CLANG_WARN_NON_LITERAL_NULL_CONVERSION = YES;
				CLANG_WARN_OBJC_IMPLICIT_RETAIN_SELF = YES;
				CLANG_WARN_OBJC_LITERAL_CONVERSION = YES;
				CLANG_WARN_OBJC_ROOT_CLASS = YES_ERROR;
				CLANG_WARN_QUOTED_INCLUDE_IN_FRAMEWORK_HEADER = YES;
				CLANG_WARN_RANGE_LOOP_ANALYSIS = YES;
				CLANG_WARN_STRICT_PROTOTYPES = YES;
				CLANG_WARN_SUSPICIOUS_MOVE = YES;
				CLANG_WARN_UNGUARDED_AVAILABILITY = YES_AGGRESSIVE;
				CLANG_WARN_UNREACHABLE_CODE = YES;
				CLANG_WARN__DUPLICATE_METHOD_MATCH = YES;
				COPY_PHASE_STRIP = NO;
				DEBUG_INFORMATION_FORMAT = "dwarf-with-dsym";
				ENABLE_NS_ASSERTIONS = NO;
				ENABLE_STRICT_OBJC_MSGSEND = YES;
				GCC_C_LANGUAGE_STANDARD = gnu11;
				GCC_NO_COMMON_BLOCKS = YES;
				GCC_WARN_64_TO_32_BIT_CONVERSION = YES;
				GCC_WARN_ABOUT_RETURN_TYPE = YES_ERROR;
				GCC_WARN_UNDECLARED_SELECTOR = YES;
				GCC_WARN_UNINITIALIZED_AUTOS = YES_AGGRESSIVE;
				GCC_WARN_UNUSED_FUNCTION = YES;
				GCC_WARN_UNUSED_VARIABLE = YES;
				IPHONEOS_DEPLOYMENT_TARGET = 14.0;
				MTL_ENABLE_DEBUG_INFO = NO;
				MTL_FAST_MATH = YES;
				SDKROOT = iphoneos;
				SWIFT_COMPILATION_MODE = wholemodule;
				SWIFT_OPTIMIZATION_LEVEL = "-O";
				VALIDATE_PRODUCT = YES;
			};
			name = Release;
		};
		9908EAB524ACDD91000BA65A /* Debug */ = {
			isa = XCBuildConfiguration;
			buildSettings = {
				ASSETCATALOG_COMPILER_APPICON_NAME = AppIcon;
				ASSETCATALOG_COMPILER_GLOBAL_ACCENT_COLOR_NAME = AccentColor;
				CODE_SIGN_STYLE = Automatic;
				DEVELOPMENT_ASSET_PATHS = "\"Games Catalog/Preview Content\"";
				DEVELOPMENT_TEAM = UVT3R8TDBM;
				ENABLE_PREVIEWS = YES;
				INFOPLIST_FILE = "Games Catalog/Info.plist";
				IPHONEOS_DEPLOYMENT_TARGET = 14.0;
				LD_RUNPATH_SEARCH_PATHS = (
					"$(inherited)",
					"@executable_path/Frameworks",
				);
				PRODUCT_BUNDLE_IDENTIFIER = "com.rifqi.Games-Catalog";
				PRODUCT_NAME = "$(TARGET_NAME)";
				SWIFT_VERSION = 5.0;
				TARGETED_DEVICE_FAMILY = "1,2";
			};
			name = Debug;
		};
		9908EAB624ACDD91000BA65A /* Release */ = {
			isa = XCBuildConfiguration;
			buildSettings = {
				ASSETCATALOG_COMPILER_APPICON_NAME = AppIcon;
				ASSETCATALOG_COMPILER_GLOBAL_ACCENT_COLOR_NAME = AccentColor;
				CODE_SIGN_STYLE = Automatic;
				DEVELOPMENT_ASSET_PATHS = "\"Games Catalog/Preview Content\"";
				DEVELOPMENT_TEAM = UVT3R8TDBM;
				ENABLE_PREVIEWS = YES;
				INFOPLIST_FILE = "Games Catalog/Info.plist";
				IPHONEOS_DEPLOYMENT_TARGET = 14.0;
				LD_RUNPATH_SEARCH_PATHS = (
					"$(inherited)",
					"@executable_path/Frameworks",
				);
				PRODUCT_BUNDLE_IDENTIFIER = "com.rifqi.Games-Catalog";
				PRODUCT_NAME = "$(TARGET_NAME)";
				SWIFT_VERSION = 5.0;
				TARGETED_DEVICE_FAMILY = "1,2";
			};
			name = Release;
		};
		9908EAB824ACDD91000BA65A /* Debug */ = {
			isa = XCBuildConfiguration;
			buildSettings = {
				ALWAYS_EMBED_SWIFT_STANDARD_LIBRARIES = YES;
				BUNDLE_LOADER = "$(TEST_HOST)";
				CODE_SIGN_STYLE = Automatic;
				DEVELOPMENT_TEAM = UVT3R8TDBM;
				INFOPLIST_FILE = "Games CatalogTests/Info.plist";
				IPHONEOS_DEPLOYMENT_TARGET = 14.0;
				LD_RUNPATH_SEARCH_PATHS = (
					"$(inherited)",
					"@executable_path/Frameworks",
					"@loader_path/Frameworks",
				);
				PRODUCT_BUNDLE_IDENTIFIER = "com.rifqi.Games-CatalogTests";
				PRODUCT_NAME = "$(TARGET_NAME)";
				SWIFT_VERSION = 5.0;
				TARGETED_DEVICE_FAMILY = "1,2";
				TEST_HOST = "$(BUILT_PRODUCTS_DIR)/Games Catalog.app/Games Catalog";
			};
			name = Debug;
		};
		9908EAB924ACDD91000BA65A /* Release */ = {
			isa = XCBuildConfiguration;
			buildSettings = {
				ALWAYS_EMBED_SWIFT_STANDARD_LIBRARIES = YES;
				BUNDLE_LOADER = "$(TEST_HOST)";
				CODE_SIGN_STYLE = Automatic;
				DEVELOPMENT_TEAM = UVT3R8TDBM;
				INFOPLIST_FILE = "Games CatalogTests/Info.plist";
				IPHONEOS_DEPLOYMENT_TARGET = 14.0;
				LD_RUNPATH_SEARCH_PATHS = (
					"$(inherited)",
					"@executable_path/Frameworks",
					"@loader_path/Frameworks",
				);
				PRODUCT_BUNDLE_IDENTIFIER = "com.rifqi.Games-CatalogTests";
				PRODUCT_NAME = "$(TARGET_NAME)";
				SWIFT_VERSION = 5.0;
				TARGETED_DEVICE_FAMILY = "1,2";
				TEST_HOST = "$(BUILT_PRODUCTS_DIR)/Games Catalog.app/Games Catalog";
			};
			name = Release;
		};
		9908EABB24ACDD91000BA65A /* Debug */ = {
			isa = XCBuildConfiguration;
			buildSettings = {
				ALWAYS_EMBED_SWIFT_STANDARD_LIBRARIES = YES;
				CODE_SIGN_STYLE = Automatic;
				DEVELOPMENT_TEAM = UVT3R8TDBM;
				INFOPLIST_FILE = "Games CatalogUITests/Info.plist";
				LD_RUNPATH_SEARCH_PATHS = (
					"$(inherited)",
					"@executable_path/Frameworks",
					"@loader_path/Frameworks",
				);
				PRODUCT_BUNDLE_IDENTIFIER = "com.rifqi.Games-CatalogUITests";
				PRODUCT_NAME = "$(TARGET_NAME)";
				SWIFT_VERSION = 5.0;
				TARGETED_DEVICE_FAMILY = "1,2";
				TEST_TARGET_NAME = "Games Catalog";
			};
			name = Debug;
		};
		9908EABC24ACDD91000BA65A /* Release */ = {
			isa = XCBuildConfiguration;
			buildSettings = {
				ALWAYS_EMBED_SWIFT_STANDARD_LIBRARIES = YES;
				CODE_SIGN_STYLE = Automatic;
				DEVELOPMENT_TEAM = UVT3R8TDBM;
				INFOPLIST_FILE = "Games CatalogUITests/Info.plist";
				LD_RUNPATH_SEARCH_PATHS = (
					"$(inherited)",
					"@executable_path/Frameworks",
					"@loader_path/Frameworks",
				);
				PRODUCT_BUNDLE_IDENTIFIER = "com.rifqi.Games-CatalogUITests";
				PRODUCT_NAME = "$(TARGET_NAME)";
				SWIFT_VERSION = 5.0;
				TARGETED_DEVICE_FAMILY = "1,2";
				TEST_TARGET_NAME = "Games Catalog";
			};
			name = Release;
		};
/* End XCBuildConfiguration section */

/* Begin XCConfigurationList section */
		9908EA8A24ACDD8E000BA65A /* Build configuration list for PBXProject "Games Catalog" */ = {
			isa = XCConfigurationList;
			buildConfigurations = (
				9908EAB224ACDD91000BA65A /* Debug */,
				9908EAB324ACDD91000BA65A /* Release */,
			);
			defaultConfigurationIsVisible = 0;
			defaultConfigurationName = Release;
		};
		9908EAB424ACDD91000BA65A /* Build configuration list for PBXNativeTarget "Games Catalog" */ = {
			isa = XCConfigurationList;
			buildConfigurations = (
				9908EAB524ACDD91000BA65A /* Debug */,
				9908EAB624ACDD91000BA65A /* Release */,
			);
			defaultConfigurationIsVisible = 0;
			defaultConfigurationName = Release;
		};
		9908EAB724ACDD91000BA65A /* Build configuration list for PBXNativeTarget "Games CatalogTests" */ = {
			isa = XCConfigurationList;
			buildConfigurations = (
				9908EAB824ACDD91000BA65A /* Debug */,
				9908EAB924ACDD91000BA65A /* Release */,
			);
			defaultConfigurationIsVisible = 0;
			defaultConfigurationName = Release;
		};
		9908EABA24ACDD91000BA65A /* Build configuration list for PBXNativeTarget "Games CatalogUITests" */ = {
			isa = XCConfigurationList;
			buildConfigurations = (
				9908EABB24ACDD91000BA65A /* Debug */,
				9908EABC24ACDD91000BA65A /* Release */,
			);
			defaultConfigurationIsVisible = 0;
			defaultConfigurationName = Release;
		};
/* End XCConfigurationList section */

/* Begin XCRemoteSwiftPackageReference section */
		9908EAD924ADD257000BA65A /* RemoteSwiftPackageReference */ = {
			isa = XCRemoteSwiftPackageReference;
			repositoryURL = "https://github.com/SDWebImage/SDWebImageSwiftUI.git";
			requirement = {
				kind = upToNextMajorVersion;
				minimumVersion = 1.5.0;
			};
		};
/* End XCRemoteSwiftPackageReference section */

/* Begin XCSwiftPackageProductDependency section */
		9908EADA24ADD257000BA65A /* SwiftPackageProductDependency */ = {
			isa = XCSwiftPackageProductDependency;
			package = 9908EAD924ADD257000BA65A /* RemoteSwiftPackageReference */;
			productName = SDWebImageSwiftUI;
		};
/* End XCSwiftPackageProductDependency section */

/* Begin XCVersionGroup section */
		995A7AAD24CDDB28003CD025 /* GameCatalog.xcdatamodeld */ = {
			isa = XCVersionGroup;
			children = (
				995A7AAE24CDDB28003CD025 /* GameCatalog.xcdatamodel */,
			);
			currentVersion = 995A7AAE24CDDB28003CD025 /* GameCatalog.xcdatamodel */;
			path = GameCatalog.xcdatamodeld;
			sourceTree = "<group>";
			versionGroupType = wrapper.xcdatamodel;
		};
/* End XCVersionGroup section */
	};
	rootObject = 9908EA8724ACDD8E000BA65A /* Project object */;
}
